// !$*UTF8*$!
{
	archiveVersion = 1;
	classes = {
	};
	objectVersion = 50;
	objects = {

/* Begin PBXBuildFile section */
		019D2C0821C570F500B508B3 /* PersonTest.swift in Sources */ = {isa = PBXBuildFile; fileRef = 019D2C0721C570F500B508B3 /* PersonTest.swift */; };
		019D2C0A21C574FC00B508B3 /* ItemTest.swift in Sources */ = {isa = PBXBuildFile; fileRef = 019D2C0921C574FC00B508B3 /* ItemTest.swift */; };
		019D2C0C21C5781F00B508B3 /* ReceiptTest.swift in Sources */ = {isa = PBXBuildFile; fileRef = 019D2C0B21C5781F00B508B3 /* ReceiptTest.swift */; };
		019D2C0E21C5782700B508B3 /* CheckSplitTest.swift in Sources */ = {isa = PBXBuildFile; fileRef = 019D2C0D21C5782700B508B3 /* CheckSplitTest.swift */; };
		01EE678B21AB16FF00BBDEA4 /* AppDelegate.swift in Sources */ = {isa = PBXBuildFile; fileRef = 01EE678A21AB16FF00BBDEA4 /* AppDelegate.swift */; };
		01EE678D21AB16FF00BBDEA4 /* ViewController.swift in Sources */ = {isa = PBXBuildFile; fileRef = 01EE678C21AB16FF00BBDEA4 /* ViewController.swift */; };
		01EE679021AB16FF00BBDEA4 /* Main.storyboard in Resources */ = {isa = PBXBuildFile; fileRef = 01EE678E21AB16FF00BBDEA4 /* Main.storyboard */; };
		01EE679321AB16FF00BBDEA4 /* check_split.xcdatamodeld in Sources */ = {isa = PBXBuildFile; fileRef = 01EE679121AB16FF00BBDEA4 /* check_split.xcdatamodeld */; };
		01EE679521AB170000BBDEA4 /* Assets.xcassets in Resources */ = {isa = PBXBuildFile; fileRef = 01EE679421AB170000BBDEA4 /* Assets.xcassets */; };
		01EE679821AB170000BBDEA4 /* LaunchScreen.storyboard in Resources */ = {isa = PBXBuildFile; fileRef = 01EE679621AB170000BBDEA4 /* LaunchScreen.storyboard */; };
		01EE67A321AB170000BBDEA4 /* check_splitTests.swift in Sources */ = {isa = PBXBuildFile; fileRef = 01EE67A221AB170000BBDEA4 /* check_splitTests.swift */; };
		01EE67AF21AB179E00BBDEA4 /* Person.swift in Sources */ = {isa = PBXBuildFile; fileRef = 01EE67AE21AB179E00BBDEA4 /* Person.swift */; };
		01EE67B121AB199100BBDEA4 /* Item.swift in Sources */ = {isa = PBXBuildFile; fileRef = 01EE67B021AB199100BBDEA4 /* Item.swift */; };
		01EE67B321AB1BBE00BBDEA4 /* Receipt.swift in Sources */ = {isa = PBXBuildFile; fileRef = 01EE67B221AB1BBE00BBDEA4 /* Receipt.swift */; };
		01EE67B521AB1CCB00BBDEA4 /* CheckSplitModel.swift in Sources */ = {isa = PBXBuildFile; fileRef = 01EE67B421AB1CCB00BBDEA4 /* CheckSplitModel.swift */; };
/* End PBXBuildFile section */

/* Begin PBXContainerItemProxy section */
		01EE679F21AB170000BBDEA4 /* PBXContainerItemProxy */ = {
			isa = PBXContainerItemProxy;
			containerPortal = 01EE677F21AB16FF00BBDEA4 /* Project object */;
			proxyType = 1;
			remoteGlobalIDString = 01EE678621AB16FF00BBDEA4;
			remoteInfo = "check-split";
		};
/* End PBXContainerItemProxy section */

/* Begin PBXFileReference section */
		019D2C0721C570F500B508B3 /* PersonTest.swift */ = {isa = PBXFileReference; lastKnownFileType = sourcecode.swift; path = PersonTest.swift; sourceTree = "<group>"; };
		019D2C0921C574FC00B508B3 /* ItemTest.swift */ = {isa = PBXFileReference; lastKnownFileType = sourcecode.swift; path = ItemTest.swift; sourceTree = "<group>"; };
		019D2C0B21C5781F00B508B3 /* ReceiptTest.swift */ = {isa = PBXFileReference; lastKnownFileType = sourcecode.swift; path = ReceiptTest.swift; sourceTree = "<group>"; };
		019D2C0D21C5782700B508B3 /* CheckSplitTest.swift */ = {isa = PBXFileReference; lastKnownFileType = sourcecode.swift; path = CheckSplitTest.swift; sourceTree = "<group>"; };
		01EE678721AB16FF00BBDEA4 /* check-split.app */ = {isa = PBXFileReference; explicitFileType = wrapper.application; includeInIndex = 0; path = "check-split.app"; sourceTree = BUILT_PRODUCTS_DIR; };
		01EE678A21AB16FF00BBDEA4 /* AppDelegate.swift */ = {isa = PBXFileReference; lastKnownFileType = sourcecode.swift; path = AppDelegate.swift; sourceTree = "<group>"; };
		01EE678C21AB16FF00BBDEA4 /* ViewController.swift */ = {isa = PBXFileReference; lastKnownFileType = sourcecode.swift; path = ViewController.swift; sourceTree = "<group>"; };
		01EE678F21AB16FF00BBDEA4 /* Base */ = {isa = PBXFileReference; lastKnownFileType = file.storyboard; name = Base; path = Base.lproj/Main.storyboard; sourceTree = "<group>"; };
		01EE679221AB16FF00BBDEA4 /* check_split.xcdatamodel */ = {isa = PBXFileReference; lastKnownFileType = wrapper.xcdatamodel; path = check_split.xcdatamodel; sourceTree = "<group>"; };
		01EE679421AB170000BBDEA4 /* Assets.xcassets */ = {isa = PBXFileReference; lastKnownFileType = folder.assetcatalog; path = Assets.xcassets; sourceTree = "<group>"; };
		01EE679721AB170000BBDEA4 /* Base */ = {isa = PBXFileReference; lastKnownFileType = file.storyboard; name = Base; path = Base.lproj/LaunchScreen.storyboard; sourceTree = "<group>"; };
		01EE679921AB170000BBDEA4 /* Info.plist */ = {isa = PBXFileReference; lastKnownFileType = text.plist.xml; path = Info.plist; sourceTree = "<group>"; };
		01EE679E21AB170000BBDEA4 /* check-splitTests.xctest */ = {isa = PBXFileReference; explicitFileType = wrapper.cfbundle; includeInIndex = 0; path = "check-splitTests.xctest"; sourceTree = BUILT_PRODUCTS_DIR; };
		01EE67A221AB170000BBDEA4 /* check_splitTests.swift */ = {isa = PBXFileReference; lastKnownFileType = sourcecode.swift; path = check_splitTests.swift; sourceTree = "<group>"; };
		01EE67A421AB170000BBDEA4 /* Info.plist */ = {isa = PBXFileReference; lastKnownFileType = text.plist.xml; path = Info.plist; sourceTree = "<group>"; };
		01EE67AE21AB179E00BBDEA4 /* Person.swift */ = {isa = PBXFileReference; lastKnownFileType = sourcecode.swift; path = Person.swift; sourceTree = "<group>"; };
		01EE67B021AB199100BBDEA4 /* Item.swift */ = {isa = PBXFileReference; lastKnownFileType = sourcecode.swift; path = Item.swift; sourceTree = "<group>"; };
		01EE67B221AB1BBE00BBDEA4 /* Receipt.swift */ = {isa = PBXFileReference; lastKnownFileType = sourcecode.swift; path = Receipt.swift; sourceTree = "<group>"; };
		01EE67B421AB1CCB00BBDEA4 /* CheckSplitModel.swift */ = {isa = PBXFileReference; lastKnownFileType = sourcecode.swift; path = CheckSplitModel.swift; sourceTree = "<group>"; };
/* End PBXFileReference section */

/* Begin PBXFrameworksBuildPhase section */
		01EE678421AB16FF00BBDEA4 /* Frameworks */ = {
			isa = PBXFrameworksBuildPhase;
			buildActionMask = 2147483647;
			files = (
			);
			runOnlyForDeploymentPostprocessing = 0;
		};
		01EE679B21AB170000BBDEA4 /* Frameworks */ = {
			isa = PBXFrameworksBuildPhase;
			buildActionMask = 2147483647;
			files = (
			);
			runOnlyForDeploymentPostprocessing = 0;
		};
/* End PBXFrameworksBuildPhase section */

/* Begin PBXGroup section */
		01EE677E21AB16FF00BBDEA4 = {
			isa = PBXGroup;
			children = (
				01EE678921AB16FF00BBDEA4 /* check-split */,
				01EE67A121AB170000BBDEA4 /* check-splitTests */,
				01EE678821AB16FF00BBDEA4 /* Products */,
			);
			sourceTree = "<group>";
		};
		01EE678821AB16FF00BBDEA4 /* Products */ = {
			isa = PBXGroup;
			children = (
				01EE678721AB16FF00BBDEA4 /* check-split.app */,
				01EE679E21AB170000BBDEA4 /* check-splitTests.xctest */,
			);
			name = Products;
			sourceTree = "<group>";
		};
		01EE678921AB16FF00BBDEA4 /* check-split */ = {
			isa = PBXGroup;
			children = (
				01EE678A21AB16FF00BBDEA4 /* AppDelegate.swift */,
				01EE67AD21AB178000BBDEA4 /* Model */,
				01EE678C21AB16FF00BBDEA4 /* ViewController.swift */,
				01EE678E21AB16FF00BBDEA4 /* Main.storyboard */,
				01EE679421AB170000BBDEA4 /* Assets.xcassets */,
				01EE679621AB170000BBDEA4 /* LaunchScreen.storyboard */,
				01EE679921AB170000BBDEA4 /* Info.plist */,
				01EE679121AB16FF00BBDEA4 /* check_split.xcdatamodeld */,
			);
			path = "check-split";
			sourceTree = "<group>";
		};
		01EE67A121AB170000BBDEA4 /* check-splitTests */ = {
			isa = PBXGroup;
			children = (
				01EE67A221AB170000BBDEA4 /* check_splitTests.swift */,
				019D2C0721C570F500B508B3 /* PersonTest.swift */,
				019D2C0921C574FC00B508B3 /* ItemTest.swift */,
				019D2C0B21C5781F00B508B3 /* ReceiptTest.swift */,
				019D2C0D21C5782700B508B3 /* CheckSplitTest.swift */,
				01EE67A421AB170000BBDEA4 /* Info.plist */,
			);
			path = "check-splitTests";
			sourceTree = "<group>";
		};
		01EE67AD21AB178000BBDEA4 /* Model */ = {
			isa = PBXGroup;
			children = (
				01EE67AE21AB179E00BBDEA4 /* Person.swift */,
				01EE67B021AB199100BBDEA4 /* Item.swift */,
				01EE67B221AB1BBE00BBDEA4 /* Receipt.swift */,
				01EE67B421AB1CCB00BBDEA4 /* CheckSplitModel.swift */,
			);
			path = Model;
			sourceTree = "<group>";
		};
/* End PBXGroup section */

/* Begin PBXNativeTarget section */
		01EE678621AB16FF00BBDEA4 /* check-split */ = {
			isa = PBXNativeTarget;
			buildConfigurationList = 01EE67A721AB170000BBDEA4 /* Build configuration list for PBXNativeTarget "check-split" */;
			buildPhases = (
				01EE678321AB16FF00BBDEA4 /* Sources */,
				01EE678421AB16FF00BBDEA4 /* Frameworks */,
				01EE678521AB16FF00BBDEA4 /* Resources */,
			);
			buildRules = (
			);
			dependencies = (
			);
			name = "check-split";
			productName = "check-split";
			productReference = 01EE678721AB16FF00BBDEA4 /* check-split.app */;
			productType = "com.apple.product-type.application";
		};
		01EE679D21AB170000BBDEA4 /* check-splitTests */ = {
			isa = PBXNativeTarget;
			buildConfigurationList = 01EE67AA21AB170000BBDEA4 /* Build configuration list for PBXNativeTarget "check-splitTests" */;
			buildPhases = (
				01EE679A21AB170000BBDEA4 /* Sources */,
				01EE679B21AB170000BBDEA4 /* Frameworks */,
				01EE679C21AB170000BBDEA4 /* Resources */,
			);
			buildRules = (
			);
			dependencies = (
				01EE67A021AB170000BBDEA4 /* PBXTargetDependency */,
			);
			name = "check-splitTests";
			productName = "check-splitTests";
			productReference = 01EE679E21AB170000BBDEA4 /* check-splitTests.xctest */;
			productType = "com.apple.product-type.bundle.unit-test";
		};
/* End PBXNativeTarget section */

/* Begin PBXProject section */
		01EE677F21AB16FF00BBDEA4 /* Project object */ = {
			isa = PBXProject;
			attributes = {
				LastSwiftUpdateCheck = 1010;
				LastUpgradeCheck = 1010;
				ORGANIZATIONNAME = "Nicholas Kaffine";
				TargetAttributes = {
					01EE678621AB16FF00BBDEA4 = {
						CreatedOnToolsVersion = 10.1;
					};
					01EE679D21AB170000BBDEA4 = {
						CreatedOnToolsVersion = 10.1;
						TestTargetID = 01EE678621AB16FF00BBDEA4;
					};
				};
			};
			buildConfigurationList = 01EE678221AB16FF00BBDEA4 /* Build configuration list for PBXProject "check-split" */;
			compatibilityVersion = "Xcode 9.3";
			developmentRegion = en;
			hasScannedForEncodings = 0;
			knownRegions = (
				en,
				Base,
			);
			mainGroup = 01EE677E21AB16FF00BBDEA4;
			productRefGroup = 01EE678821AB16FF00BBDEA4 /* Products */;
			projectDirPath = "";
			projectRoot = "";
			targets = (
				01EE678621AB16FF00BBDEA4 /* check-split */,
				01EE679D21AB170000BBDEA4 /* check-splitTests */,
			);
		};
/* End PBXProject section */

/* Begin PBXResourcesBuildPhase section */
		01EE678521AB16FF00BBDEA4 /* Resources */ = {
			isa = PBXResourcesBuildPhase;
			buildActionMask = 2147483647;
			files = (
				01EE679821AB170000BBDEA4 /* LaunchScreen.storyboard in Resources */,
				01EE679521AB170000BBDEA4 /* Assets.xcassets in Resources */,
				01EE679021AB16FF00BBDEA4 /* Main.storyboard in Resources */,
			);
			runOnlyForDeploymentPostprocessing = 0;
		};
		01EE679C21AB170000BBDEA4 /* Resources */ = {
			isa = PBXResourcesBuildPhase;
			buildActionMask = 2147483647;
			files = (
			);
			runOnlyForDeploymentPostprocessing = 0;
		};
/* End PBXResourcesBuildPhase section */

/* Begin PBXSourcesBuildPhase section */
		01EE678321AB16FF00BBDEA4 /* Sources */ = {
			isa = PBXSourcesBuildPhase;
			buildActionMask = 2147483647;
			files = (
				01EE67B521AB1CCB00BBDEA4 /* CheckSplitModel.swift in Sources */,
				01EE67B321AB1BBE00BBDEA4 /* Receipt.swift in Sources */,
				01EE67B121AB199100BBDEA4 /* Item.swift in Sources */,
				01EE679321AB16FF00BBDEA4 /* check_split.xcdatamodeld in Sources */,
				01EE678D21AB16FF00BBDEA4 /* ViewController.swift in Sources */,
				01EE67AF21AB179E00BBDEA4 /* Person.swift in Sources */,
				01EE678B21AB16FF00BBDEA4 /* AppDelegate.swift in Sources */,
			);
			runOnlyForDeploymentPostprocessing = 0;
		};
		01EE679A21AB170000BBDEA4 /* Sources */ = {
			isa = PBXSourcesBuildPhase;
			buildActionMask = 2147483647;
			files = (
				019D2C0C21C5781F00B508B3 /* ReceiptTest.swift in Sources */,
				019D2C0821C570F500B508B3 /* PersonTest.swift in Sources */,
				019D2C0A21C574FC00B508B3 /* ItemTest.swift in Sources */,
				019D2C0E21C5782700B508B3 /* CheckSplitTest.swift in Sources */,
				01EE67A321AB170000BBDEA4 /* check_splitTests.swift in Sources */,
			);
			runOnlyForDeploymentPostprocessing = 0;
		};
/* End PBXSourcesBuildPhase section */

/* Begin PBXTargetDependency section */
		01EE67A021AB170000BBDEA4 /* PBXTargetDependency */ = {
			isa = PBXTargetDependency;
			target = 01EE678621AB16FF00BBDEA4 /* check-split */;
			targetProxy = 01EE679F21AB170000BBDEA4 /* PBXContainerItemProxy */;
		};
/* End PBXTargetDependency section */

/* Begin PBXVariantGroup section */
		01EE678E21AB16FF00BBDEA4 /* Main.storyboard */ = {
			isa = PBXVariantGroup;
			children = (
				01EE678F21AB16FF00BBDEA4 /* Base */,
			);
			name = Main.storyboard;
			sourceTree = "<group>";
		};
		01EE679621AB170000BBDEA4 /* LaunchScreen.storyboard */ = {
			isa = PBXVariantGroup;
			children = (
				01EE679721AB170000BBDEA4 /* Base */,
			);
			name = LaunchScreen.storyboard;
			sourceTree = "<group>";
		};
/* End PBXVariantGroup section */

/* Begin XCBuildConfiguration section */
		01EE67A521AB170000BBDEA4 /* Debug */ = {
			isa = XCBuildConfiguration;
			buildSettings = {
				ALWAYS_SEARCH_USER_PATHS = NO;
				CLANG_ANALYZER_NONNULL = YES;
				CLANG_ANALYZER_NUMBER_OBJECT_CONVERSION = YES_AGGRESSIVE;
				CLANG_CXX_LANGUAGE_STANDARD = "gnu++14";
				CLANG_CXX_LIBRARY = "libc++";
				CLANG_ENABLE_MODULES = YES;
				CLANG_ENABLE_OBJC_ARC = YES;
				CLANG_ENABLE_OBJC_WEAK = YES;
				CLANG_WARN_BLOCK_CAPTURE_AUTORELEASING = YES;
				CLANG_WARN_BOOL_CONVERSION = YES;
				CLANG_WARN_COMMA = YES;
				CLANG_WARN_CONSTANT_CONVERSION = YES;
				CLANG_WARN_DEPRECATED_OBJC_IMPLEMENTATIONS = YES;
				CLANG_WARN_DIRECT_OBJC_ISA_USAGE = YES_ERROR;
				CLANG_WARN_DOCUMENTATION_COMMENTS = YES;
				CLANG_WARN_EMPTY_BODY = YES;
				CLANG_WARN_ENUM_CONVERSION = YES;
				CLANG_WARN_INFINITE_RECURSION = YES;
				CLANG_WARN_INT_CONVERSION = YES;
				CLANG_WARN_NON_LITERAL_NULL_CONVERSION = YES;
				CLANG_WARN_OBJC_IMPLICIT_RETAIN_SELF = YES;
				CLANG_WARN_OBJC_LITERAL_CONVERSION = YES;
				CLANG_WARN_OBJC_ROOT_CLASS = YES_ERROR;
				CLANG_WARN_RANGE_LOOP_ANALYSIS = YES;
				CLANG_WARN_STRICT_PROTOTYPES = YES;
				CLANG_WARN_SUSPICIOUS_MOVE = YES;
				CLANG_WARN_UNGUARDED_AVAILABILITY = YES_AGGRESSIVE;
				CLANG_WARN_UNREACHABLE_CODE = YES;
				CLANG_WARN__DUPLICATE_METHOD_MATCH = YES;
				CODE_SIGN_IDENTITY = "iPhone Developer";
				COPY_PHASE_STRIP = NO;
				DEBUG_INFORMATION_FORMAT = dwarf;
				ENABLE_STRICT_OBJC_MSGSEND = YES;
				ENABLE_TESTABILITY = YES;
				GCC_C_LANGUAGE_STANDARD = gnu11;
				GCC_DYNAMIC_NO_PIC = NO;
				GCC_NO_COMMON_BLOCKS = YES;
				GCC_OPTIMIZATION_LEVEL = 0;
				GCC_PREPROCESSOR_DEFINITIONS = (
					"DEBUG=1",
					"$(inherited)",
				);
				GCC_WARN_64_TO_32_BIT_CONVERSION = YES;
				GCC_WARN_ABOUT_RETURN_TYPE = YES_ERROR;
				GCC_WARN_UNDECLARED_SELECTOR = YES;
				GCC_WARN_UNINITIALIZED_AUTOS = YES_AGGRESSIVE;
				GCC_WARN_UNUSED_FUNCTION = YES;
				GCC_WARN_UNUSED_VARIABLE = YES;
				IPHONEOS_DEPLOYMENT_TARGET = 12.1;
				MTL_ENABLE_DEBUG_INFO = INCLUDE_SOURCE;
				MTL_FAST_MATH = YES;
				ONLY_ACTIVE_ARCH = YES;
				SDKROOT = iphoneos;
				SWIFT_ACTIVE_COMPILATION_CONDITIONS = DEBUG;
				SWIFT_OPTIMIZATION_LEVEL = "-Onone";
			};
			name = Debug;
		};
		01EE67A621AB170000BBDEA4 /* Release */ = {
			isa = XCBuildConfiguration;
			buildSettings = {
				ALWAYS_SEARCH_USER_PATHS = NO;
				CLANG_ANALYZER_NONNULL = YES;
				CLANG_ANALYZER_NUMBER_OBJECT_CONVERSION = YES_AGGRESSIVE;
				CLANG_CXX_LANGUAGE_STANDARD = "gnu++14";
				CLANG_CXX_LIBRARY = "libc++";
				CLANG_ENABLE_MODULES = YES;
				CLANG_ENABLE_OBJC_ARC = YES;
				CLANG_ENABLE_OBJC_WEAK = YES;
				CLANG_WARN_BLOCK_CAPTURE_AUTORELEASING = YES;
				CLANG_WARN_BOOL_CONVERSION = YES;
				CLANG_WARN_COMMA = YES;
				CLANG_WARN_CONSTANT_CONVERSION = YES;
				CLANG_WARN_DEPRECATED_OBJC_IMPLEMENTATIONS = YES;
				CLANG_WARN_DIRECT_OBJC_ISA_USAGE = YES_ERROR;
				CLANG_WARN_DOCUMENTATION_COMMENTS = YES;
				CLANG_WARN_EMPTY_BODY = YES;
				CLANG_WARN_ENUM_CONVERSION = YES;
				CLANG_WARN_INFINITE_RECURSION = YES;
				CLANG_WARN_INT_CONVERSION = YES;
				CLANG_WARN_NON_LITERAL_NULL_CONVERSION = YES;
				CLANG_WARN_OBJC_IMPLICIT_RETAIN_SELF = YES;
				CLANG_WARN_OBJC_LITERAL_CONVERSION = YES;
				CLANG_WARN_OBJC_ROOT_CLASS = YES_ERROR;
				CLANG_WARN_RANGE_LOOP_ANALYSIS = YES;
				CLANG_WARN_STRICT_PROTOTYPES = YES;
				CLANG_WARN_SUSPICIOUS_MOVE = YES;
				CLANG_WARN_UNGUARDED_AVAILABILITY = YES_AGGRESSIVE;
				CLANG_WARN_UNREACHABLE_CODE = YES;
				CLANG_WARN__DUPLICATE_METHOD_MATCH = YES;
				CODE_SIGN_IDENTITY = "iPhone Developer";
				COPY_PHASE_STRIP = NO;
				DEBUG_INFORMATION_FORMAT = "dwarf-with-dsym";
				ENABLE_NS_ASSERTIONS = NO;
				ENABLE_STRICT_OBJC_MSGSEND = YES;
				GCC_C_LANGUAGE_STANDARD = gnu11;
				GCC_NO_COMMON_BLOCKS = YES;
				GCC_WARN_64_TO_32_BIT_CONVERSION = YES;
				GCC_WARN_ABOUT_RETURN_TYPE = YES_ERROR;
				GCC_WARN_UNDECLARED_SELECTOR = YES;
				GCC_WARN_UNINITIALIZED_AUTOS = YES_AGGRESSIVE;
				GCC_WARN_UNUSED_FUNCTION = YES;
				GCC_WARN_UNUSED_VARIABLE = YES;
				IPHONEOS_DEPLOYMENT_TARGET = 12.1;
				MTL_ENABLE_DEBUG_INFO = NO;
				MTL_FAST_MATH = YES;
				SDKROOT = iphoneos;
				SWIFT_COMPILATION_MODE = wholemodule;
				SWIFT_OPTIMIZATION_LEVEL = "-O";
				VALIDATE_PRODUCT = YES;
			};
			name = Release;
		};
		01EE67A821AB170000BBDEA4 /* Debug */ = {
			isa = XCBuildConfiguration;
			buildSettings = {
				ASSETCATALOG_COMPILER_APPICON_NAME = AppIcon;
				CODE_SIGN_STYLE = Automatic;
				DEVELOPMENT_TEAM = Z79WKDVVL3;
				INFOPLIST_FILE = "check-split/Info.plist";
				LD_RUNPATH_SEARCH_PATHS = (
					"$(inherited)",
					"@executable_path/Frameworks",
				);
				PRODUCT_BUNDLE_IDENTIFIER = "com.kaffine.nicholas.check-split";
				PRODUCT_NAME = "$(TARGET_NAME)";
				SWIFT_VERSION = 4.2;
				TARGETED_DEVICE_FAMILY = 1;
			};
			name = Debug;
		};
		01EE67A921AB170000BBDEA4 /* Release */ = {
			isa = XCBuildConfiguration;
			buildSettings = {
				ASSETCATALOG_COMPILER_APPICON_NAME = AppIcon;
				CODE_SIGN_STYLE = Automatic;
				DEVELOPMENT_TEAM = Z79WKDVVL3;
				INFOPLIST_FILE = "check-split/Info.plist";
				LD_RUNPATH_SEARCH_PATHS = (
					"$(inherited)",
					"@executable_path/Frameworks",
				);
				PRODUCT_BUNDLE_IDENTIFIER = "com.kaffine.nicholas.check-split";
				PRODUCT_NAME = "$(TARGET_NAME)";
				SWIFT_VERSION = 4.2;
				TARGETED_DEVICE_FAMILY = 1;
			};
			name = Release;
		};
		01EE67AB21AB170000BBDEA4 /* Debug */ = {
			isa = XCBuildConfiguration;
			buildSettings = {
				ALWAYS_EMBED_SWIFT_STANDARD_LIBRARIES = YES;
				BUNDLE_LOADER = "$(TEST_HOST)";
				CODE_SIGN_STYLE = Automatic;
				DEVELOPMENT_TEAM = Z79WKDVVL3;
				INFOPLIST_FILE = "check-splitTests/Info.plist";
				LD_RUNPATH_SEARCH_PATHS = (
					"$(inherited)",
					"@executable_path/Frameworks",
					"@loader_path/Frameworks",
				);
				PRODUCT_BUNDLE_IDENTIFIER = "com.kaffine.nicholas.check-splitTests";
				PRODUCT_NAME = "$(TARGET_NAME)";
				SWIFT_VERSION = 4.2;
				TARGETED_DEVICE_FAMILY = "1,2";
				TEST_HOST = "$(BUILT_PRODUCTS_DIR)/check-split.app/check-split";
			};
			name = Debug;
		};
		01EE67AC21AB170000BBDEA4 /* Release */ = {
			isa = XCBuildConfiguration;
			buildSettings = {
				ALWAYS_EMBED_SWIFT_STANDARD_LIBRARIES = YES;
				BUNDLE_LOADER = "$(TEST_HOST)";
				CODE_SIGN_STYLE = Automatic;
				DEVELOPMENT_TEAM = Z79WKDVVL3;
				INFOPLIST_FILE = "check-splitTests/Info.plist";
				LD_RUNPATH_SEARCH_PATHS = (
					"$(inherited)",
					"@executable_path/Frameworks",
					"@loader_path/Frameworks",
				);
				PRODUCT_BUNDLE_IDENTIFIER = "com.kaffine.nicholas.check-splitTests";
				PRODUCT_NAME = "$(TARGET_NAME)";
				SWIFT_VERSION = 4.2;
				TARGETED_DEVICE_FAMILY = "1,2";
				TEST_HOST = "$(BUILT_PRODUCTS_DIR)/check-split.app/check-split";
			};
			name = Release;
		};
/* End XCBuildConfiguration section */

/* Begin XCConfigurationList section */
		01EE678221AB16FF00BBDEA4 /* Build configuration list for PBXProject "check-split" */ = {
			isa = XCConfigurationList;
			buildConfigurations = (
				01EE67A521AB170000BBDEA4 /* Debug */,
				01EE67A621AB170000BBDEA4 /* Release */,
			);
			defaultConfigurationIsVisible = 0;
			defaultConfigurationName = Release;
		};
		01EE67A721AB170000BBDEA4 /* Build configuration list for PBXNativeTarget "check-split" */ = {
			isa = XCConfigurationList;
			buildConfigurations = (
				01EE67A821AB170000BBDEA4 /* Debug */,
				01EE67A921AB170000BBDEA4 /* Release */,
			);
			defaultConfigurationIsVisible = 0;
			defaultConfigurationName = Release;
		};
		01EE67AA21AB170000BBDEA4 /* Build configuration list for PBXNativeTarget "check-splitTests" */ = {
			isa = XCConfigurationList;
			buildConfigurations = (
				01EE67AB21AB170000BBDEA4 /* Debug */,
				01EE67AC21AB170000BBDEA4 /* Release */,
			);
			defaultConfigurationIsVisible = 0;
			defaultConfigurationName = Release;
		};
/* End XCConfigurationList section */

/* Begin XCVersionGroup section */
		01EE679121AB16FF00BBDEA4 /* check_split.xcdatamodeld */ = {
			isa = XCVersionGroup;
			children = (
				01EE679221AB16FF00BBDEA4 /* check_split.xcdatamodel */,
			);
			currentVersion = 01EE679221AB16FF00BBDEA4 /* check_split.xcdatamodel */;
			path = check_split.xcdatamodeld;
			sourceTree = "<group>";
			versionGroupType = wrapper.xcdatamodel;
		};
/* End XCVersionGroup section */
	};
	rootObject = 01EE677F21AB16FF00BBDEA4 /* Project object */;
}
